{
    "_readme": [
        "This file locks the dependencies of your project to a known state",
        "Read more about it at https://getcomposer.org/doc/01-basic-usage.md#composer-lock-the-lock-file",
        "This file is @generated automatically"
    ],
    "hash": "7ef4a5dd15d6d65a8084c5ab09a0c15f",
    "content-hash": "336a1e2c967879fd5c7e1448ffddfa62",
    "packages": [
        {
            "name": "system/events",
            "version": "1.0.0",
            "source": {
                "type": "git",
                "url": "https://github.com/maniakalen/Events.git",
                "reference": "d27fa5005ef02c8f2ea1d4375d4943a0efd843d5"
            },
            "dist": {
                "type": "zip",
                "url": "https://api.github.com/repos/maniakalen/Events/zipball/d27fa5005ef02c8f2ea1d4375d4943a0efd843d5",
                "reference": "d27fa5005ef02c8f2ea1d4375d4943a0efd843d5",
                "shasum": ""
            },
            "require": {
                "php": ">=5.4.0"
            },
            "type": "library",
            "autoload": {
                "psr-4": {
                    "System\\": "src/System"
                }
            },
            "notification-url": "https://packagist.org/downloads/",
            "authors": [
                {
                    "name": "Petar Ivanov"
                }
            ],
            "description": "Events system for events dispatch control",
            "keywords": [
                "php"
            ],
            "time": "2016-12-22 14:40:33"
        }
    ],
    "packages-dev": [],
    "aliases": [],
    "minimum-stability": "stable",
    "stability-flags": [],
    "prefer-stable": false,
    "prefer-lowest": false,
    "platform": [],
    "platform-dev": []
}
